// !$*UTF8*$!
{
	archiveVersion = 1;
	classes = {
	};
	objectVersion = 46;
	objects = {

/* Begin PBXBuildFile section */
		612A0E451DF9497C00532C03 /* main.m in Sources */ = {isa = PBXBuildFile; fileRef = 612A0E441DF9497C00532C03 /* main.m */; };
		612A0E481DF9497C00532C03 /* AppDelegate.m in Sources */ = {isa = PBXBuildFile; fileRef = 612A0E471DF9497C00532C03 /* AppDelegate.m */; };
		612A0E4A1DF9497C00532C03 /* Assets.xcassets in Resources */ = {isa = PBXBuildFile; fileRef = 612A0E491DF9497C00532C03 /* Assets.xcassets */; };
		612A0E4D1DF9497C00532C03 /* LaunchScreen.storyboard in Resources */ = {isa = PBXBuildFile; fileRef = 612A0E4B1DF9497C00532C03 /* LaunchScreen.storyboard */; };
		612A0E581DF9497C00532C03 /* MoveAndDeleteTests.m in Sources */ = {isa = PBXBuildFile; fileRef = 612A0E571DF9497C00532C03 /* MoveAndDeleteTests.m */; };
		612A0E631DF9497C00532C03 /* MoveAndDeleteUITests.m in Sources */ = {isa = PBXBuildFile; fileRef = 612A0E621DF9497C00532C03 /* MoveAndDeleteUITests.m */; };
		61CD49911E079995009738B1 /* LICENSE in Resources */ = {isa = PBXBuildFile; fileRef = 61CD49751E079995009738B1 /* LICENSE */; };
		61CD49921E079995009738B1 /* MASCompositeConstraint.m in Sources */ = {isa = PBXBuildFile; fileRef = 61CD49781E079995009738B1 /* MASCompositeConstraint.m */; };
		61CD49931E079995009738B1 /* MASConstraint.m in Sources */ = {isa = PBXBuildFile; fileRef = 61CD497B1E079995009738B1 /* MASConstraint.m */; };
		61CD49941E079995009738B1 /* MASConstraintMaker.m in Sources */ = {isa = PBXBuildFile; fileRef = 61CD497D1E079995009738B1 /* MASConstraintMaker.m */; };
		61CD49951E079995009738B1 /* MASLayoutConstraint.m in Sources */ = {isa = PBXBuildFile; fileRef = 61CD497F1E079995009738B1 /* MASLayoutConstraint.m */; };
		61CD49961E079995009738B1 /* MASViewAttribute.m in Sources */ = {isa = PBXBuildFile; fileRef = 61CD49831E079995009738B1 /* MASViewAttribute.m */; };
		61CD49971E079995009738B1 /* MASViewConstraint.m in Sources */ = {isa = PBXBuildFile; fileRef = 61CD49851E079995009738B1 /* MASViewConstraint.m */; };
		61CD49981E079995009738B1 /* NSArray+MASAdditions.m in Sources */ = {isa = PBXBuildFile; fileRef = 61CD49871E079995009738B1 /* NSArray+MASAdditions.m */; };
		61CD49991E079995009738B1 /* NSLayoutConstraint+MASDebugAdditions.m in Sources */ = {isa = PBXBuildFile; fileRef = 61CD498A1E079995009738B1 /* NSLayoutConstraint+MASDebugAdditions.m */; };
		61CD499A1E079995009738B1 /* View+MASAdditions.m in Sources */ = {isa = PBXBuildFile; fileRef = 61CD498C1E079995009738B1 /* View+MASAdditions.m */; };
		61CD499B1E079995009738B1 /* ViewController+MASAdditions.m in Sources */ = {isa = PBXBuildFile; fileRef = 61CD498F1E079995009738B1 /* ViewController+MASAdditions.m */; };
		61CD499C1E079995009738B1 /* README.md in Sources */ = {isa = PBXBuildFile; fileRef = 61CD49901E079995009738B1 /* README.md */; };
		61CD49A91E079DCB009738B1 /* SYLifeManagerModel.m in Sources */ = {isa = PBXBuildFile; fileRef = 61CD499F1E079DCB009738B1 /* SYLifeManagerModel.m */; };
		61CD49AA1E079DCB009738B1 /* SYLifeManagerCell.m in Sources */ = {isa = PBXBuildFile; fileRef = 61CD49A21E079DCB009738B1 /* SYLifeManagerCell.m */; };
		61CD49AB1E079DCB009738B1 /* SYLIfeManagerFooterView.m in Sources */ = {isa = PBXBuildFile; fileRef = 61CD49A41E079DCB009738B1 /* SYLIfeManagerFooterView.m */; };
		61CD49AC1E079DCB009738B1 /* SYLifeManagerHeaderView.m in Sources */ = {isa = PBXBuildFile; fileRef = 61CD49A61E079DCB009738B1 /* SYLifeManagerHeaderView.m */; };
		61CD49AD1E079DCB009738B1 /* SYLifeManagerLayout.m in Sources */ = {isa = PBXBuildFile; fileRef = 61CD49A81E079DCB009738B1 /* SYLifeManagerLayout.m */; };
		61CD49B11E079DD3009738B1 /* SYLifeManagerController.m in Sources */ = {isa = PBXBuildFile; fileRef = 61CD49B01E079DD3009738B1 /* SYLifeManagerController.m */; };
		61CD49B51E07A40B009738B1 /* RootViewController.m in Sources */ = {isa = PBXBuildFile; fileRef = 61CD49B31E07A40B009738B1 /* RootViewController.m */; };
		61CD49B61E07A40B009738B1 /* RootViewController.xib in Resources */ = {isa = PBXBuildFile; fileRef = 61CD49B41E07A40B009738B1 /* RootViewController.xib */; };
/* End PBXBuildFile section */

/* Begin PBXContainerItemProxy section */
		612A0E541DF9497C00532C03 /* PBXContainerItemProxy */ = {
			isa = PBXContainerItemProxy;
			containerPortal = 612A0E381DF9497C00532C03 /* Project object */;
			proxyType = 1;
			remoteGlobalIDString = 612A0E3F1DF9497C00532C03;
			remoteInfo = MoveAndDelete;
		};
		612A0E5F1DF9497C00532C03 /* PBXContainerItemProxy */ = {
			isa = PBXContainerItemProxy;
			containerPortal = 612A0E381DF9497C00532C03 /* Project object */;
			proxyType = 1;
			remoteGlobalIDString = 612A0E3F1DF9497C00532C03;
			remoteInfo = MoveAndDelete;
		};
/* End PBXContainerItemProxy section */

/* Begin PBXFileReference section */
		612A0E401DF9497C00532C03 /* MoveAndDelete.app */ = {isa = PBXFileReference; explicitFileType = wrapper.application; includeInIndex = 0; path = MoveAndDelete.app; sourceTree = BUILT_PRODUCTS_DIR; };
		612A0E441DF9497C00532C03 /* main.m */ = {isa = PBXFileReference; lastKnownFileType = sourcecode.c.objc; path = main.m; sourceTree = "<group>"; };
		612A0E461DF9497C00532C03 /* AppDelegate.h */ = {isa = PBXFileReference; lastKnownFileType = sourcecode.c.h; path = AppDelegate.h; sourceTree = "<group>"; };
		612A0E471DF9497C00532C03 /* AppDelegate.m */ = {isa = PBXFileReference; lastKnownFileType = sourcecode.c.objc; path = AppDelegate.m; sourceTree = "<group>"; };
		612A0E491DF9497C00532C03 /* Assets.xcassets */ = {isa = PBXFileReference; lastKnownFileType = folder.assetcatalog; path = Assets.xcassets; sourceTree = "<group>"; };
		612A0E4C1DF9497C00532C03 /* Base */ = {isa = PBXFileReference; lastKnownFileType = file.storyboard; name = Base; path = Base.lproj/LaunchScreen.storyboard; sourceTree = "<group>"; };
		612A0E4E1DF9497C00532C03 /* Info.plist */ = {isa = PBXFileReference; lastKnownFileType = text.plist.xml; path = Info.plist; sourceTree = "<group>"; };
		612A0E531DF9497C00532C03 /* MoveAndDeleteTests.xctest */ = {isa = PBXFileReference; explicitFileType = wrapper.cfbundle; includeInIndex = 0; path = MoveAndDeleteTests.xctest; sourceTree = BUILT_PRODUCTS_DIR; };
		612A0E571DF9497C00532C03 /* MoveAndDeleteTests.m */ = {isa = PBXFileReference; lastKnownFileType = sourcecode.c.objc; path = MoveAndDeleteTests.m; sourceTree = "<group>"; };
		612A0E591DF9497C00532C03 /* Info.plist */ = {isa = PBXFileReference; lastKnownFileType = text.plist.xml; path = Info.plist; sourceTree = "<group>"; };
		612A0E5E1DF9497C00532C03 /* MoveAndDeleteUITests.xctest */ = {isa = PBXFileReference; explicitFileType = wrapper.cfbundle; includeInIndex = 0; path = MoveAndDeleteUITests.xctest; sourceTree = BUILT_PRODUCTS_DIR; };
		612A0E621DF9497C00532C03 /* MoveAndDeleteUITests.m */ = {isa = PBXFileReference; lastKnownFileType = sourcecode.c.objc; path = MoveAndDeleteUITests.m; sourceTree = "<group>"; };
		612A0E641DF9497C00532C03 /* Info.plist */ = {isa = PBXFileReference; lastKnownFileType = text.plist.xml; path = Info.plist; sourceTree = "<group>"; };
		61CD49751E079995009738B1 /* LICENSE */ = {isa = PBXFileReference; fileEncoding = 4; lastKnownFileType = text; path = LICENSE; sourceTree = "<group>"; };
		61CD49771E079995009738B1 /* MASCompositeConstraint.h */ = {isa = PBXFileReference; fileEncoding = 4; lastKnownFileType = sourcecode.c.h; path = MASCompositeConstraint.h; sourceTree = "<group>"; };
		61CD49781E079995009738B1 /* MASCompositeConstraint.m */ = {isa = PBXFileReference; fileEncoding = 4; lastKnownFileType = sourcecode.c.objc; path = MASCompositeConstraint.m; sourceTree = "<group>"; };
		61CD49791E079995009738B1 /* MASConstraint+Private.h */ = {isa = PBXFileReference; fileEncoding = 4; lastKnownFileType = sourcecode.c.h; path = "MASConstraint+Private.h"; sourceTree = "<group>"; };
		61CD497A1E079995009738B1 /* MASConstraint.h */ = {isa = PBXFileReference; fileEncoding = 4; lastKnownFileType = sourcecode.c.h; path = MASConstraint.h; sourceTree = "<group>"; };
		61CD497B1E079995009738B1 /* MASConstraint.m */ = {isa = PBXFileReference; fileEncoding = 4; lastKnownFileType = sourcecode.c.objc; path = MASConstraint.m; sourceTree = "<group>"; };
		61CD497C1E079995009738B1 /* MASConstraintMaker.h */ = {isa = PBXFileReference; fileEncoding = 4; lastKnownFileType = sourcecode.c.h; path = MASConstraintMaker.h; sourceTree = "<group>"; };
		61CD497D1E079995009738B1 /* MASConstraintMaker.m */ = {isa = PBXFileReference; fileEncoding = 4; lastKnownFileType = sourcecode.c.objc; path = MASConstraintMaker.m; sourceTree = "<group>"; };
		61CD497E1E079995009738B1 /* MASLayoutConstraint.h */ = {isa = PBXFileReference; fileEncoding = 4; lastKnownFileType = sourcecode.c.h; path = MASLayoutConstraint.h; sourceTree = "<group>"; };
		61CD497F1E079995009738B1 /* MASLayoutConstraint.m */ = {isa = PBXFileReference; fileEncoding = 4; lastKnownFileType = sourcecode.c.objc; path = MASLayoutConstraint.m; sourceTree = "<group>"; };
		61CD49801E079995009738B1 /* Masonry.h */ = {isa = PBXFileReference; fileEncoding = 4; lastKnownFileType = sourcecode.c.h; path = Masonry.h; sourceTree = "<group>"; };
		61CD49811E079995009738B1 /* MASUtilities.h */ = {isa = PBXFileReference; fileEncoding = 4; lastKnownFileType = sourcecode.c.h; path = MASUtilities.h; sourceTree = "<group>"; };
		61CD49821E079995009738B1 /* MASViewAttribute.h */ = {isa = PBXFileReference; fileEncoding = 4; lastKnownFileType = sourcecode.c.h; path = MASViewAttribute.h; sourceTree = "<group>"; };
		61CD49831E079995009738B1 /* MASViewAttribute.m */ = {isa = PBXFileReference; fileEncoding = 4; lastKnownFileType = sourcecode.c.objc; path = MASViewAttribute.m; sourceTree = "<group>"; };
		61CD49841E079995009738B1 /* MASViewConstraint.h */ = {isa = PBXFileReference; fileEncoding = 4; lastKnownFileType = sourcecode.c.h; path = MASViewConstraint.h; sourceTree = "<group>"; };
		61CD49851E079995009738B1 /* MASViewConstraint.m */ = {isa = PBXFileReference; fileEncoding = 4; lastKnownFileType = sourcecode.c.objc; path = MASViewConstraint.m; sourceTree = "<group>"; };
		61CD49861E079995009738B1 /* NSArray+MASAdditions.h */ = {isa = PBXFileReference; fileEncoding = 4; lastKnownFileType = sourcecode.c.h; path = "NSArray+MASAdditions.h"; sourceTree = "<group>"; };
		61CD49871E079995009738B1 /* NSArray+MASAdditions.m */ = {isa = PBXFileReference; fileEncoding = 4; lastKnownFileType = sourcecode.c.objc; path = "NSArray+MASAdditions.m"; sourceTree = "<group>"; };
		61CD49881E079995009738B1 /* NSArray+MASShorthandAdditions.h */ = {isa = PBXFileReference; fileEncoding = 4; lastKnownFileType = sourcecode.c.h; path = "NSArray+MASShorthandAdditions.h"; sourceTree = "<group>"; };
		61CD49891E079995009738B1 /* NSLayoutConstraint+MASDebugAdditions.h */ = {isa = PBXFileReference; fileEncoding = 4; lastKnownFileType = sourcecode.c.h; path = "NSLayoutConstraint+MASDebugAdditions.h"; sourceTree = "<group>"; };
		61CD498A1E079995009738B1 /* NSLayoutConstraint+MASDebugAdditions.m */ = {isa = PBXFileReference; fileEncoding = 4; lastKnownFileType = sourcecode.c.objc; path = "NSLayoutConstraint+MASDebugAdditions.m"; sourceTree = "<group>"; };
		61CD498B1E079995009738B1 /* View+MASAdditions.h */ = {isa = PBXFileReference; fileEncoding = 4; lastKnownFileType = sourcecode.c.h; path = "View+MASAdditions.h"; sourceTree = "<group>"; };
		61CD498C1E079995009738B1 /* View+MASAdditions.m */ = {isa = PBXFileReference; fileEncoding = 4; lastKnownFileType = sourcecode.c.objc; path = "View+MASAdditions.m"; sourceTree = "<group>"; };
		61CD498D1E079995009738B1 /* View+MASShorthandAdditions.h */ = {isa = PBXFileReference; fileEncoding = 4; lastKnownFileType = sourcecode.c.h; path = "View+MASShorthandAdditions.h"; sourceTree = "<group>"; };
		61CD498E1E079995009738B1 /* ViewController+MASAdditions.h */ = {isa = PBXFileReference; fileEncoding = 4; lastKnownFileType = sourcecode.c.h; path = "ViewController+MASAdditions.h"; sourceTree = "<group>"; };
		61CD498F1E079995009738B1 /* ViewController+MASAdditions.m */ = {isa = PBXFileReference; fileEncoding = 4; lastKnownFileType = sourcecode.c.objc; path = "ViewController+MASAdditions.m"; sourceTree = "<group>"; };
		61CD49901E079995009738B1 /* README.md */ = {isa = PBXFileReference; fileEncoding = 4; lastKnownFileType = net.daringfireball.markdown; path = README.md; sourceTree = "<group>"; };
		61CD499E1E079DCB009738B1 /* SYLifeManagerModel.h */ = {isa = PBXFileReference; fileEncoding = 4; lastKnownFileType = sourcecode.c.h; path = SYLifeManagerModel.h; sourceTree = "<group>"; };
		61CD499F1E079DCB009738B1 /* SYLifeManagerModel.m */ = {isa = PBXFileReference; fileEncoding = 4; lastKnownFileType = sourcecode.c.objc; path = SYLifeManagerModel.m; sourceTree = "<group>"; };
		61CD49A11E079DCB009738B1 /* SYLifeManagerCell.h */ = {isa = PBXFileReference; fileEncoding = 4; lastKnownFileType = sourcecode.c.h; path = SYLifeManagerCell.h; sourceTree = "<group>"; };
		61CD49A21E079DCB009738B1 /* SYLifeManagerCell.m */ = {isa = PBXFileReference; fileEncoding = 4; lastKnownFileType = sourcecode.c.objc; path = SYLifeManagerCell.m; sourceTree = "<group>"; };
		61CD49A31E079DCB009738B1 /* SYLIfeManagerFooterView.h */ = {isa = PBXFileReference; fileEncoding = 4; lastKnownFileType = sourcecode.c.h; path = SYLIfeManagerFooterView.h; sourceTree = "<group>"; };
		61CD49A41E079DCB009738B1 /* SYLIfeManagerFooterView.m */ = {isa = PBXFileReference; fileEncoding = 4; lastKnownFileType = sourcecode.c.objc; path = SYLIfeManagerFooterView.m; sourceTree = "<group>"; };
		61CD49A51E079DCB009738B1 /* SYLifeManagerHeaderView.h */ = {isa = PBXFileReference; fileEncoding = 4; lastKnownFileType = sourcecode.c.h; path = SYLifeManagerHeaderView.h; sourceTree = "<group>"; };
		61CD49A61E079DCB009738B1 /* SYLifeManagerHeaderView.m */ = {isa = PBXFileReference; fileEncoding = 4; lastKnownFileType = sourcecode.c.objc; path = SYLifeManagerHeaderView.m; sourceTree = "<group>"; };
		61CD49A71E079DCB009738B1 /* SYLifeManagerLayout.h */ = {isa = PBXFileReference; fileEncoding = 4; lastKnownFileType = sourcecode.c.h; path = SYLifeManagerLayout.h; sourceTree = "<group>"; };
		61CD49A81E079DCB009738B1 /* SYLifeManagerLayout.m */ = {isa = PBXFileReference; fileEncoding = 4; lastKnownFileType = sourcecode.c.objc; path = SYLifeManagerLayout.m; sourceTree = "<group>"; };
		61CD49AF1E079DD3009738B1 /* SYLifeManagerController.h */ = {isa = PBXFileReference; fileEncoding = 4; lastKnownFileType = sourcecode.c.h; path = SYLifeManagerController.h; sourceTree = "<group>"; };
		61CD49B01E079DD3009738B1 /* SYLifeManagerController.m */ = {isa = PBXFileReference; fileEncoding = 4; lastKnownFileType = sourcecode.c.objc; path = SYLifeManagerController.m; sourceTree = "<group>"; };
		61CD49B21E07A40B009738B1 /* RootViewController.h */ = {isa = PBXFileReference; fileEncoding = 4; lastKnownFileType = sourcecode.c.h; path = RootViewController.h; sourceTree = "<group>"; };
		61CD49B31E07A40B009738B1 /* RootViewController.m */ = {isa = PBXFileReference; fileEncoding = 4; lastKnownFileType = sourcecode.c.objc; path = RootViewController.m; sourceTree = "<group>"; };
		61CD49B41E07A40B009738B1 /* RootViewController.xib */ = {isa = PBXFileReference; fileEncoding = 4; lastKnownFileType = file.xib; path = RootViewController.xib; sourceTree = "<group>"; };
/* End PBXFileReference section */

/* Begin PBXFrameworksBuildPhase section */
		612A0E3D1DF9497C00532C03 /* Frameworks */ = {
			isa = PBXFrameworksBuildPhase;
			buildActionMask = 2147483647;
			files = (
			);
			runOnlyForDeploymentPostprocessing = 0;
		};
		612A0E501DF9497C00532C03 /* Frameworks */ = {
			isa = PBXFrameworksBuildPhase;
			buildActionMask = 2147483647;
			files = (
			);
			runOnlyForDeploymentPostprocessing = 0;
		};
		612A0E5B1DF9497C00532C03 /* Frameworks */ = {
			isa = PBXFrameworksBuildPhase;
			buildActionMask = 2147483647;
			files = (
			);
			runOnlyForDeploymentPostprocessing = 0;
		};
/* End PBXFrameworksBuildPhase section */

/* Begin PBXGroup section */
		612A0E371DF9497C00532C03 = {
			isa = PBXGroup;
			children = (
				612A0E421DF9497C00532C03 /* MoveAndDelete */,
				612A0E561DF9497C00532C03 /* MoveAndDeleteTests */,
				612A0E611DF9497C00532C03 /* MoveAndDeleteUITests */,
				612A0E411DF9497C00532C03 /* Products */,
			);
			sourceTree = "<group>";
		};
		612A0E411DF9497C00532C03 /* Products */ = {
			isa = PBXGroup;
			children = (
				612A0E401DF9497C00532C03 /* MoveAndDelete.app */,
				612A0E531DF9497C00532C03 /* MoveAndDeleteTests.xctest */,
				612A0E5E1DF9497C00532C03 /* MoveAndDeleteUITests.xctest */,
			);
			name = Products;
			sourceTree = "<group>";
		};
		612A0E421DF9497C00532C03 /* MoveAndDelete */ = {
			isa = PBXGroup;
			children = (
				61CD49741E079995009738B1 /* Masonry */,
				61CD49AE1E079DD3009738B1 /* Controller */,
				61CD49A01E079DCB009738B1 /* View */,
				61CD499D1E079DCB009738B1 /* Model */,
				612A0E461DF9497C00532C03 /* AppDelegate.h */,
				612A0E471DF9497C00532C03 /* AppDelegate.m */,
				612A0E491DF9497C00532C03 /* Assets.xcassets */,
				612A0E4B1DF9497C00532C03 /* LaunchScreen.storyboard */,
				612A0E4E1DF9497C00532C03 /* Info.plist */,
				612A0E431DF9497C00532C03 /* Supporting Files */,
			);
			path = MoveAndDelete;
			sourceTree = "<group>";
		};
		612A0E431DF9497C00532C03 /* Supporting Files */ = {
			isa = PBXGroup;
			children = (
				612A0E441DF9497C00532C03 /* main.m */,
			);
			name = "Supporting Files";
			sourceTree = "<group>";
		};
		612A0E561DF9497C00532C03 /* MoveAndDeleteTests */ = {
			isa = PBXGroup;
			children = (
				612A0E571DF9497C00532C03 /* MoveAndDeleteTests.m */,
				612A0E591DF9497C00532C03 /* Info.plist */,
			);
			path = MoveAndDeleteTests;
			sourceTree = "<group>";
		};
		612A0E611DF9497C00532C03 /* MoveAndDeleteUITests */ = {
			isa = PBXGroup;
			children = (
				612A0E621DF9497C00532C03 /* MoveAndDeleteUITests.m */,
				612A0E641DF9497C00532C03 /* Info.plist */,
			);
			path = MoveAndDeleteUITests;
			sourceTree = "<group>";
		};
		61CD49741E079995009738B1 /* Masonry */ = {
			isa = PBXGroup;
			children = (
				61CD49751E079995009738B1 /* LICENSE */,
				61CD49761E079995009738B1 /* Masonry */,
				61CD49901E079995009738B1 /* README.md */,
			);
			name = Masonry;
			path = ../Masonry;
			sourceTree = "<group>";
		};
		61CD49761E079995009738B1 /* Masonry */ = {
			isa = PBXGroup;
			children = (
				61CD49771E079995009738B1 /* MASCompositeConstraint.h */,
				61CD49781E079995009738B1 /* MASCompositeConstraint.m */,
				61CD49791E079995009738B1 /* MASConstraint+Private.h */,
				61CD497A1E079995009738B1 /* MASConstraint.h */,
				61CD497B1E079995009738B1 /* MASConstraint.m */,
				61CD497C1E079995009738B1 /* MASConstraintMaker.h */,
				61CD497D1E079995009738B1 /* MASConstraintMaker.m */,
				61CD497E1E079995009738B1 /* MASLayoutConstraint.h */,
				61CD497F1E079995009738B1 /* MASLayoutConstraint.m */,
				61CD49801E079995009738B1 /* Masonry.h */,
				61CD49811E079995009738B1 /* MASUtilities.h */,
				61CD49821E079995009738B1 /* MASViewAttribute.h */,
				61CD49831E079995009738B1 /* MASViewAttribute.m */,
				61CD49841E079995009738B1 /* MASViewConstraint.h */,
				61CD49851E079995009738B1 /* MASViewConstraint.m */,
				61CD49861E079995009738B1 /* NSArray+MASAdditions.h */,
				61CD49871E079995009738B1 /* NSArray+MASAdditions.m */,
				61CD49881E079995009738B1 /* NSArray+MASShorthandAdditions.h */,
				61CD49891E079995009738B1 /* NSLayoutConstraint+MASDebugAdditions.h */,
				61CD498A1E079995009738B1 /* NSLayoutConstraint+MASDebugAdditions.m */,
				61CD498B1E079995009738B1 /* View+MASAdditions.h */,
				61CD498C1E079995009738B1 /* View+MASAdditions.m */,
				61CD498D1E079995009738B1 /* View+MASShorthandAdditions.h */,
				61CD498E1E079995009738B1 /* ViewController+MASAdditions.h */,
				61CD498F1E079995009738B1 /* ViewController+MASAdditions.m */,
			);
			path = Masonry;
			sourceTree = "<group>";
		};
		61CD499D1E079DCB009738B1 /* Model */ = {
			isa = PBXGroup;
			children = (
				61CD499E1E079DCB009738B1 /* SYLifeManagerModel.h */,
				61CD499F1E079DCB009738B1 /* SYLifeManagerModel.m */,
			);
			path = Model;
			sourceTree = "<group>";
		};
		61CD49A01E079DCB009738B1 /* View */ = {
			isa = PBXGroup;
			children = (
				61CD49A71E079DCB009738B1 /* SYLifeManagerLayout.h */,
				61CD49A81E079DCB009738B1 /* SYLifeManagerLayout.m */,
				61CD49A11E079DCB009738B1 /* SYLifeManagerCell.h */,
				61CD49A21E079DCB009738B1 /* SYLifeManagerCell.m */,
				61CD49A31E079DCB009738B1 /* SYLIfeManagerFooterView.h */,
				61CD49A41E079DCB009738B1 /* SYLIfeManagerFooterView.m */,
				61CD49A51E079DCB009738B1 /* SYLifeManagerHeaderView.h */,
				61CD49A61E079DCB009738B1 /* SYLifeManagerHeaderView.m */,
			);
			path = View;
			sourceTree = "<group>";
		};
		61CD49AE1E079DD3009738B1 /* Controller */ = {
			isa = PBXGroup;
			children = (
				61CD49B21E07A40B009738B1 /* RootViewController.h */,
				61CD49B31E07A40B009738B1 /* RootViewController.m */,
				61CD49B41E07A40B009738B1 /* RootViewController.xib */,
				61CD49AF1E079DD3009738B1 /* SYLifeManagerController.h */,
				61CD49B01E079DD3009738B1 /* SYLifeManagerController.m */,
			);
			path = Controller;
			sourceTree = "<group>";
		};
/* End PBXGroup section */

/* Begin PBXNativeTarget section */
		612A0E3F1DF9497C00532C03 /* MoveAndDelete */ = {
			isa = PBXNativeTarget;
			buildConfigurationList = 612A0E671DF9497C00532C03 /* Build configuration list for PBXNativeTarget "MoveAndDelete" */;
			buildPhases = (
				612A0E3C1DF9497C00532C03 /* Sources */,
				612A0E3D1DF9497C00532C03 /* Frameworks */,
				612A0E3E1DF9497C00532C03 /* Resources */,
			);
			buildRules = (
			);
			dependencies = (
			);
			name = MoveAndDelete;
			productName = MoveAndDelete;
			productReference = 612A0E401DF9497C00532C03 /* MoveAndDelete.app */;
			productType = "com.apple.product-type.application";
		};
		612A0E521DF9497C00532C03 /* MoveAndDeleteTests */ = {
			isa = PBXNativeTarget;
			buildConfigurationList = 612A0E6A1DF9497C00532C03 /* Build configuration list for PBXNativeTarget "MoveAndDeleteTests" */;
			buildPhases = (
				612A0E4F1DF9497C00532C03 /* Sources */,
				612A0E501DF9497C00532C03 /* Frameworks */,
				612A0E511DF9497C00532C03 /* Resources */,
			);
			buildRules = (
			);
			dependencies = (
				612A0E551DF9497C00532C03 /* PBXTargetDependency */,
			);
			name = MoveAndDeleteTests;
			productName = MoveAndDeleteTests;
			productReference = 612A0E531DF9497C00532C03 /* MoveAndDeleteTests.xctest */;
			productType = "com.apple.product-type.bundle.unit-test";
		};
		612A0E5D1DF9497C00532C03 /* MoveAndDeleteUITests */ = {
			isa = PBXNativeTarget;
			buildConfigurationList = 612A0E6D1DF9497C00532C03 /* Build configuration list for PBXNativeTarget "MoveAndDeleteUITests" */;
			buildPhases = (
				612A0E5A1DF9497C00532C03 /* Sources */,
				612A0E5B1DF9497C00532C03 /* Frameworks */,
				612A0E5C1DF9497C00532C03 /* Resources */,
			);
			buildRules = (
			);
			dependencies = (
				612A0E601DF9497C00532C03 /* PBXTargetDependency */,
			);
			name = MoveAndDeleteUITests;
			productName = MoveAndDeleteUITests;
			productReference = 612A0E5E1DF9497C00532C03 /* MoveAndDeleteUITests.xctest */;
			productType = "com.apple.product-type.bundle.ui-testing";
		};
/* End PBXNativeTarget section */

/* Begin PBXProject section */
		612A0E381DF9497C00532C03 /* Project object */ = {
			isa = PBXProject;
			attributes = {
				LastUpgradeCheck = 0810;
				ORGANIZATIONNAME = aDu;
				TargetAttributes = {
					612A0E3F1DF9497C00532C03 = {
						CreatedOnToolsVersion = 8.1;
						DevelopmentTeam = X42645MK9G;
						ProvisioningStyle = Automatic;
					};
					612A0E521DF9497C00532C03 = {
						CreatedOnToolsVersion = 8.1;
						ProvisioningStyle = Automatic;
						TestTargetID = 612A0E3F1DF9497C00532C03;
					};
					612A0E5D1DF9497C00532C03 = {
						CreatedOnToolsVersion = 8.1;
						ProvisioningStyle = Automatic;
						TestTargetID = 612A0E3F1DF9497C00532C03;
					};
				};
			};
			buildConfigurationList = 612A0E3B1DF9497C00532C03 /* Build configuration list for PBXProject "MoveAndDelete" */;
			compatibilityVersion = "Xcode 3.2";
			developmentRegion = English;
			hasScannedForEncodings = 0;
			knownRegions = (
				en,
				Base,
			);
			mainGroup = 612A0E371DF9497C00532C03;
			productRefGroup = 612A0E411DF9497C00532C03 /* Products */;
			projectDirPath = "";
			projectRoot = "";
			targets = (
				612A0E3F1DF9497C00532C03 /* MoveAndDelete */,
				612A0E521DF9497C00532C03 /* MoveAndDeleteTests */,
				612A0E5D1DF9497C00532C03 /* MoveAndDeleteUITests */,
			);
		};
/* End PBXProject section */

/* Begin PBXResourcesBuildPhase section */
		612A0E3E1DF9497C00532C03 /* Resources */ = {
			isa = PBXResourcesBuildPhase;
			buildActionMask = 2147483647;
			files = (
				61CD49911E079995009738B1 /* LICENSE in Resources */,
				612A0E4A1DF9497C00532C03 /* Assets.xcassets in Resources */,
				61CD49B61E07A40B009738B1 /* RootViewController.xib in Resources */,
				612A0E4D1DF9497C00532C03 /* LaunchScreen.storyboard in Resources */,
			);
			runOnlyForDeploymentPostprocessing = 0;
		};
		612A0E511DF9497C00532C03 /* Resources */ = {
			isa = PBXResourcesBuildPhase;
			buildActionMask = 2147483647;
			files = (
			);
			runOnlyForDeploymentPostprocessing = 0;
		};
		612A0E5C1DF9497C00532C03 /* Resources */ = {
			isa = PBXResourcesBuildPhase;
			buildActionMask = 2147483647;
			files = (
			);
			runOnlyForDeploymentPostprocessing = 0;
		};
/* End PBXResourcesBuildPhase section */

/* Begin PBXSourcesBuildPhase section */
		612A0E3C1DF9497C00532C03 /* Sources */ = {
			isa = PBXSourcesBuildPhase;
			buildActionMask = 2147483647;
			files = (
				612A0E481DF9497C00532C03 /* AppDelegate.m in Sources */,
				61CD49981E079995009738B1 /* NSArray+MASAdditions.m in Sources */,
				612A0E451DF9497C00532C03 /* main.m in Sources */,
				61CD499A1E079995009738B1 /* View+MASAdditions.m in Sources */,
				61CD49951E079995009738B1 /* MASLayoutConstraint.m in Sources */,
				61CD49AB1E079DCB009738B1 /* SYLIfeManagerFooterView.m in Sources */,
				61CD49A91E079DCB009738B1 /* SYLifeManagerModel.m in Sources */,
				61CD49931E079995009738B1 /* MASConstraint.m in Sources */,
				61CD49991E079995009738B1 /* NSLayoutConstraint+MASDebugAdditions.m in Sources */,
				61CD49921E079995009738B1 /* MASCompositeConstraint.m in Sources */,
				61CD49AC1E079DCB009738B1 /* SYLifeManagerHeaderView.m in Sources */,
				61CD499C1E079995009738B1 /* README.md in Sources */,
				61CD49AA1E079DCB009738B1 /* SYLifeManagerCell.m in Sources */,
				61CD49AD1E079DCB009738B1 /* SYLifeManagerLayout.m in Sources */,
				61CD49B51E07A40B009738B1 /* RootViewController.m in Sources */,
				61CD49941E079995009738B1 /* MASConstraintMaker.m in Sources */,
				61CD499B1E079995009738B1 /* ViewController+MASAdditions.m in Sources */,
				61CD49971E079995009738B1 /* MASViewConstraint.m in Sources */,
				61CD49B11E079DD3009738B1 /* SYLifeManagerController.m in Sources */,
				61CD49961E079995009738B1 /* MASViewAttribute.m in Sources */,
			);
			runOnlyForDeploymentPostprocessing = 0;
		};
		612A0E4F1DF9497C00532C03 /* Sources */ = {
			isa = PBXSourcesBuildPhase;
			buildActionMask = 2147483647;
			files = (
				612A0E581DF9497C00532C03 /* MoveAndDeleteTests.m in Sources */,
			);
			runOnlyForDeploymentPostprocessing = 0;
		};
		612A0E5A1DF9497C00532C03 /* Sources */ = {
			isa = PBXSourcesBuildPhase;
			buildActionMask = 2147483647;
			files = (
				612A0E631DF9497C00532C03 /* MoveAndDeleteUITests.m in Sources */,
			);
			runOnlyForDeploymentPostprocessing = 0;
		};
/* End PBXSourcesBuildPhase section */

/* Begin PBXTargetDependency section */
		612A0E551DF9497C00532C03 /* PBXTargetDependency */ = {
			isa = PBXTargetDependency;
			target = 612A0E3F1DF9497C00532C03 /* MoveAndDelete */;
			targetProxy = 612A0E541DF9497C00532C03 /* PBXContainerItemProxy */;
		};
		612A0E601DF9497C00532C03 /* PBXTargetDependency */ = {
			isa = PBXTargetDependency;
			target = 612A0E3F1DF9497C00532C03 /* MoveAndDelete */;
			targetProxy = 612A0E5F1DF9497C00532C03 /* PBXContainerItemProxy */;
		};
/* End PBXTargetDependency section */

/* Begin PBXVariantGroup section */
		612A0E4B1DF9497C00532C03 /* LaunchScreen.storyboard */ = {
			isa = PBXVariantGroup;
			children = (
				612A0E4C1DF9497C00532C03 /* Base */,
			);
			name = LaunchScreen.storyboard;
			sourceTree = "<group>";
		};
/* End PBXVariantGroup section */

/* Begin XCBuildConfiguration section */
		612A0E651DF9497C00532C03 /* Debug */ = {
			isa = XCBuildConfiguration;
			buildSettings = {
				ALWAYS_SEARCH_USER_PATHS = NO;
				CLANG_ANALYZER_NONNULL = YES;
				CLANG_CXX_LANGUAGE_STANDARD = "gnu++0x";
				CLANG_CXX_LIBRARY = "libc++";
				CLANG_ENABLE_MODULES = YES;
				CLANG_ENABLE_OBJC_ARC = YES;
				CLANG_WARN_BOOL_CONVERSION = YES;
				CLANG_WARN_CONSTANT_CONVERSION = YES;
				CLANG_WARN_DIRECT_OBJC_ISA_USAGE = YES_ERROR;
				CLANG_WARN_DOCUMENTATION_COMMENTS = YES;
				CLANG_WARN_EMPTY_BODY = YES;
				CLANG_WARN_ENUM_CONVERSION = YES;
				CLANG_WARN_INFINITE_RECURSION = YES;
				CLANG_WARN_INT_CONVERSION = YES;
				CLANG_WARN_OBJC_ROOT_CLASS = YES_ERROR;
				CLANG_WARN_SUSPICIOUS_MOVES = YES;
				CLANG_WARN_UNREACHABLE_CODE = YES;
				CLANG_WARN__DUPLICATE_METHOD_MATCH = YES;
				"CODE_SIGN_IDENTITY[sdk=iphoneos*]" = "iPhone Developer";
				COPY_PHASE_STRIP = NO;
				DEBUG_INFORMATION_FORMAT = dwarf;
				ENABLE_STRICT_OBJC_MSGSEND = YES;
				ENABLE_TESTABILITY = YES;
				GCC_C_LANGUAGE_STANDARD = gnu99;
				GCC_DYNAMIC_NO_PIC = NO;
				GCC_NO_COMMON_BLOCKS = YES;
				GCC_OPTIMIZATION_LEVEL = 0;
				GCC_PREPROCESSOR_DEFINITIONS = (
					"DEBUG=1",
					"$(inherited)",
				);
				GCC_WARN_64_TO_32_BIT_CONVERSION = YES;
				GCC_WARN_ABOUT_RETURN_TYPE = YES_ERROR;
				GCC_WARN_UNDECLARED_SELECTOR = YES;
				GCC_WARN_UNINITIALIZED_AUTOS = YES_AGGRESSIVE;
				GCC_WARN_UNUSED_FUNCTION = YES;
				GCC_WARN_UNUSED_VARIABLE = YES;
				IPHONEOS_DEPLOYMENT_TARGET = 7.1;
				MTL_ENABLE_DEBUG_INFO = YES;
				ONLY_ACTIVE_ARCH = YES;
				SDKROOT = iphoneos;
				TARGETED_DEVICE_FAMILY = "1,2";
			};
			name = Debug;
		};
		612A0E661DF9497C00532C03 /* Release */ = {
			isa = XCBuildConfiguration;
			buildSettings = {
				ALWAYS_SEARCH_USER_PATHS = NO;
				CLANG_ANALYZER_NONNULL = YES;
				CLANG_CXX_LANGUAGE_STANDARD = "gnu++0x";
				CLANG_CXX_LIBRARY = "libc++";
				CLANG_ENABLE_MODULES = YES;
				CLANG_ENABLE_OBJC_ARC = YES;
				CLANG_WARN_BOOL_CONVERSION = YES;
				CLANG_WARN_CONSTANT_CONVERSION = YES;
				CLANG_WARN_DIRECT_OBJC_ISA_USAGE = YES_ERROR;
				CLANG_WARN_DOCUMENTATION_COMMENTS = YES;
				CLANG_WARN_EMPTY_BODY = YES;
				CLANG_WARN_ENUM_CONVERSION = YES;
				CLANG_WARN_INFINITE_RECURSION = YES;
				CLANG_WARN_INT_CONVERSION = YES;
				CLANG_WARN_OBJC_ROOT_CLASS = YES_ERROR;
				CLANG_WARN_SUSPICIOUS_MOVES = YES;
				CLANG_WARN_UNREACHABLE_CODE = YES;
				CLANG_WARN__DUPLICATE_METHOD_MATCH = YES;
				"CODE_SIGN_IDENTITY[sdk=iphoneos*]" = "iPhone Developer";
				COPY_PHASE_STRIP = NO;
				DEBUG_INFORMATION_FORMAT = "dwarf-with-dsym";
				ENABLE_NS_ASSERTIONS = NO;
				ENABLE_STRICT_OBJC_MSGSEND = YES;
				GCC_C_LANGUAGE_STANDARD = gnu99;
				GCC_NO_COMMON_BLOCKS = YES;
				GCC_WARN_64_TO_32_BIT_CONVERSION = YES;
				GCC_WARN_ABOUT_RETURN_TYPE = YES_ERROR;
				GCC_WARN_UNDECLARED_SELECTOR = YES;
				GCC_WARN_UNINITIALIZED_AUTOS = YES_AGGRESSIVE;
				GCC_WARN_UNUSED_FUNCTION = YES;
				GCC_WARN_UNUSED_VARIABLE = YES;
				IPHONEOS_DEPLOYMENT_TARGET = 7.1;
				MTL_ENABLE_DEBUG_INFO = NO;
				SDKROOT = iphoneos;
				TARGETED_DEVICE_FAMILY = "1,2";
				VALIDATE_PRODUCT = YES;
			};
			name = Release;
		};
		612A0E681DF9497C00532C03 /* Debug */ = {
			isa = XCBuildConfiguration;
			buildSettings = {
				ASSETCATALOG_COMPILER_APPICON_NAME = AppIcon;
				DEVELOPMENT_TEAM = X42645MK9G;
				INFOPLIST_FILE = MoveAndDelete/Info.plist;
				IPHONEOS_DEPLOYMENT_TARGET = 7.1;
				LD_RUNPATH_SEARCH_PATHS = "$(inherited) @executable_path/Frameworks";
				PRODUCT_BUNDLE_IDENTIFIER = com.robooot.MoveAndDelete;
				PRODUCT_NAME = "$(TARGET_NAME)";
			};
			name = Debug;
		};
		612A0E691DF9497C00532C03 /* Release */ = {
			isa = XCBuildConfiguration;
			buildSettings = {
				ASSETCATALOG_COMPILER_APPICON_NAME = AppIcon;
				DEVELOPMENT_TEAM = X42645MK9G;
				INFOPLIST_FILE = MoveAndDelete/Info.plist;
				IPHONEOS_DEPLOYMENT_TARGET = 7.1;
				LD_RUNPATH_SEARCH_PATHS = "$(inherited) @executable_path/Frameworks";
				PRODUCT_BUNDLE_IDENTIFIER = com.robooot.MoveAndDelete;
				PRODUCT_NAME = "$(TARGET_NAME)";
			};
			name = Release;
		};
		612A0E6B1DF9497C00532C03 /* Debug */ = {
			isa = XCBuildConfiguration;
			buildSettings = {
				BUNDLE_LOADER = "$(TEST_HOST)";
				INFOPLIST_FILE = MoveAndDeleteTests/Info.plist;
				LD_RUNPATH_SEARCH_PATHS = "$(inherited) @executable_path/Frameworks @loader_path/Frameworks";
				PRODUCT_BUNDLE_IDENTIFIER = com.robooot.MoveAndDeleteTests;
				PRODUCT_NAME = "$(TARGET_NAME)";
				TEST_HOST = "$(BUILT_PRODUCTS_DIR)/MoveAndDelete.app/MoveAndDelete";
			};
			name = Debug;
		};
		612A0E6C1DF9497C00532C03 /* Release */ = {
			isa = XCBuildConfiguration;
			buildSettings = {
				BUNDLE_LOADER = "$(TEST_HOST)";
				INFOPLIST_FILE = MoveAndDeleteTests/Info.plist;
				LD_RUNPATH_SEARCH_PATHS = "$(inherited) @executable_path/Frameworks @loader_path/Frameworks";
				PRODUCT_BUNDLE_IDENTIFIER = com.robooot.MoveAndDeleteTests;
				PRODUCT_NAME = "$(TARGET_NAME)";
				TEST_HOST = "$(BUILT_PRODUCTS_DIR)/MoveAndDelete.app/MoveAndDelete";
			};
			name = Release;
		};
		612A0E6E1DF9497C00532C03 /* Debug */ = {
			isa = XCBuildConfiguration;
			buildSettings = {
				INFOPLIST_FILE = MoveAndDeleteUITests/Info.plist;
				LD_RUNPATH_SEARCH_PATHS = "$(inherited) @executable_path/Frameworks @loader_path/Frameworks";
				PRODUCT_BUNDLE_IDENTIFIER = com.robooot.MoveAndDeleteUITests;
				PRODUCT_NAME = "$(TARGET_NAME)";
				TEST_TARGET_NAME = MoveAndDelete;
			};
			name = Debug;
		};
		612A0E6F1DF9497C00532C03 /* Release */ = {
			isa = XCBuildConfiguration;
			buildSettings = {
				INFOPLIST_FILE = MoveAndDeleteUITests/Info.plist;
				LD_RUNPATH_SEARCH_PATHS = "$(inherited) @executable_path/Frameworks @loader_path/Frameworks";
				PRODUCT_BUNDLE_IDENTIFIER = com.robooot.MoveAndDeleteUITests;
				PRODUCT_NAME = "$(TARGET_NAME)";
				TEST_TARGET_NAME = MoveAndDelete;
			};
			name = Release;
		};
/* End XCBuildConfiguration section */

/* Begin XCConfigurationList section */
		612A0E3B1DF9497C00532C03 /* Build configuration list for PBXProject "MoveAndDelete" */ = {
			isa = XCConfigurationList;
			buildConfigurations = (
				612A0E651DF9497C00532C03 /* Debug */,
				612A0E661DF9497C00532C03 /* Release */,
			);
			defaultConfigurationIsVisible = 0;
			defaultConfigurationName = Release;
		};
		612A0E671DF9497C00532C03 /* Build configuration list for PBXNativeTarget "MoveAndDelete" */ = {
			isa = XCConfigurationList;
			buildConfigurations = (
				612A0E681DF9497C00532C03 /* Debug */,
				612A0E691DF9497C00532C03 /* Release */,
			);
			defaultConfigurationIsVisible = 0;
			defaultConfigurationName = Release;
		};
		612A0E6A1DF9497C00532C03 /* Build configuration list for PBXNativeTarget "MoveAndDeleteTests" */ = {
			isa = XCConfigurationList;
			buildConfigurations = (
				612A0E6B1DF9497C00532C03 /* Debug */,
				612A0E6C1DF9497C00532C03 /* Release */,
			);
			defaultConfigurationIsVisible = 0;
			defaultConfigurationName = Release;
		};
		612A0E6D1DF9497C00532C03 /* Build configuration list for PBXNativeTarget "MoveAndDeleteUITests" */ = {
			isa = XCConfigurationList;
			buildConfigurations = (
				612A0E6E1DF9497C00532C03 /* Debug */,
				612A0E6F1DF9497C00532C03 /* Release */,
			);
			defaultConfigurationIsVisible = 0;
			defaultConfigurationName = Release;
		};
/* End XCConfigurationList section */
	};
	rootObject = 612A0E381DF9497C00532C03 /* Project object */;
}
